
Microsoft Visual Studio Solution File, Format Version 12.00
# Visual Studio Version 17
VisualStudioVersion = 17.9.34616.47
MinimumVisualStudioVersion = 10.0.40219.1
Project("{9A19103F-16F7-4668-BE54-9A1E7A4F7556}") = "InvestmentManager.API", "InvestmentManager.API\InvestmentManager.API.csproj", "{82EE68F1-2CFD-41C8-A540-77431ED5682B}"
EndProject
Project("{9A19103F-16F7-4668-BE54-9A1E7A4F7556}") = "InvestmentManager.Application", "InvestmentManager.Application\InvestmentManager.Application.csproj", "{A0CE89F0-2916-4F48-995D-37CC2EC5F1F5}"
EndProject
Project("{9A19103F-16F7-4668-BE54-9A1E7A4F7556}") = "InvestmentManager.Domain", "InvestmentManager.Domain\InvestmentManager.Domain.csproj", "{140DF237-DEAC-452F-B808-7BD448E2915E}"
EndProject
Project("{9A19103F-16F7-4668-BE54-9A1E7A4F7556}") = "InvestmentManager.Infra", "InvestmentManager.Infra\InvestmentManager.Infra.csproj", "{F413CDA7-3C34-490A-84DE-B9CAF86E4DCD}"
EndProject
Project("{9A19103F-16F7-4668-BE54-9A1E7A4F7556}") = "InvestmentManager.UnitTests", "InvestmentManager.UnitTests\InvestmentManager.UnitTests.csproj", "{4DA181DA-9A80-4F11-B474-D194216A5126}"
EndProject
Global
	GlobalSection(SolutionConfigurationPlatforms) = preSolution
		Debug|Any CPU = Debug|Any CPU
		Release|Any CPU = Release|Any CPU
	EndGlobalSection
	GlobalSection(ProjectConfigurationPlatforms) = postSolution
		{82EE68F1-2CFD-41C8-A540-77431ED5682B}.Debug|Any CPU.ActiveCfg = Debug|Any CPU
		{82EE68F1-2CFD-41C8-A540-77431ED5682B}.Debug|Any CPU.Build.0 = Debug|Any CPU
		{82EE68F1-2CFD-41C8-A540-77431ED5682B}.Release|Any CPU.ActiveCfg = Release|Any CPU
		{82EE68F1-2CFD-41C8-A540-77431ED5682B}.Release|Any CPU.Build.0 = Release|Any CPU
		{A0CE89F0-2916-4F48-995D-37CC2EC5F1F5}.Debug|Any CPU.ActiveCfg = Debug|Any CPU
		{A0CE89F0-2916-4F48-995D-37CC2EC5F1F5}.Debug|Any CPU.Build.0 = Debug|Any CPU
		{A0CE89F0-2916-4F48-995D-37CC2EC5F1F5}.Release|Any CPU.ActiveCfg = Release|Any CPU
		{A0CE89F0-2916-4F48-995D-37CC2EC5F1F5}.Release|Any CPU.Build.0 = Release|Any CPU
		{140DF237-DEAC-452F-B808-7BD448E2915E}.Debug|Any CPU.ActiveCfg = Debug|Any CPU
		{140DF237-DEAC-452F-B808-7BD448E2915E}.Debug|Any CPU.Build.0 = Debug|Any CPU
		{140DF237-DEAC-452F-B808-7BD448E2915E}.Release|Any CPU.ActiveCfg = Release|Any CPU
		{140DF237-DEAC-452F-B808-7BD448E2915E}.Release|Any CPU.Build.0 = Release|Any CPU
		{F413CDA7-3C34-490A-84DE-B9CAF86E4DCD}.Debug|Any CPU.ActiveCfg = Debug|Any CPU
		{F413CDA7-3C34-490A-84DE-B9CAF86E4DCD}.Debug|Any CPU.Build.0 = Debug|Any CPU
		{F413CDA7-3C34-490A-84DE-B9CAF86E4DCD}.Release|Any CPU.ActiveCfg = Release|Any CPU
		{F413CDA7-3C34-490A-84DE-B9CAF86E4DCD}.Release|Any CPU.Build.0 = Release|Any CPU
		{4DA181DA-9A80-4F11-B474-D194216A5126}.Debug|Any CPU.ActiveCfg = Debug|Any CPU
		{4DA181DA-9A80-4F11-B474-D194216A5126}.Debug|Any CPU.Build.0 = Debug|Any CPU
		{4DA181DA-9A80-4F11-B474-D194216A5126}.Release|Any CPU.ActiveCfg = Release|Any CPU
		{4DA181DA-9A80-4F11-B474-D194216A5126}.Release|Any CPU.Build.0 = Release|Any CPU
	EndGlobalSection
	GlobalSection(SolutionProperties) = preSolution
		HideSolutionNode = FALSE
	EndGlobalSection
	GlobalSection(ExtensibilityGlobals) = postSolution
		SolutionGuid = {C31EB339-345B-4DF5-A0BC-1E0FFE48C474}
	EndGlobalSection
EndGlobal
